// !$*UTF8*$!
{
	archiveVersion = 1;
	classes = {
	};
	objectVersion = 46;
	objects = {

/* Begin PBXBuildFile section */
		4AE54FB21A162EF500DA905F /* AppDelegate.swift in Sources */ = {isa = PBXBuildFile; fileRef = 4AE54FB11A162EF500DA905F /* AppDelegate.swift */; };
		4AE54FB41A162EF500DA905F /* FirstViewController.swift in Sources */ = {isa = PBXBuildFile; fileRef = 4AE54FB31A162EF500DA905F /* FirstViewController.swift */; };
		4AE54FB61A162EF500DA905F /* SecondViewController.swift in Sources */ = {isa = PBXBuildFile; fileRef = 4AE54FB51A162EF500DA905F /* SecondViewController.swift */; };
		4AE54FB91A162EF500DA905F /* Main.storyboard in Resources */ = {isa = PBXBuildFile; fileRef = 4AE54FB71A162EF500DA905F /* Main.storyboard */; };
		4AE54FBB1A162EF500DA905F /* Images.xcassets in Resources */ = {isa = PBXBuildFile; fileRef = 4AE54FBA1A162EF500DA905F /* Images.xcassets */; };
		4AE54FBE1A162EF500DA905F /* LaunchScreen.xib in Resources */ = {isa = PBXBuildFile; fileRef = 4AE54FBC1A162EF500DA905F /* LaunchScreen.xib */; };
		4AE54FCA1A162EF500DA905F /* ybotiosTests.swift in Sources */ = {isa = PBXBuildFile; fileRef = 4AE54FC91A162EF500DA905F /* ybotiosTests.swift */; };
/* End PBXBuildFile section */

/* Begin PBXContainerItemProxy section */
		4AE54FC41A162EF500DA905F /* PBXContainerItemProxy */ = {
			isa = PBXContainerItemProxy;
			containerPortal = 4AE54FA41A162EF500DA905F /* Project object */;
			proxyType = 1;
			remoteGlobalIDString = 4AE54FAB1A162EF500DA905F;
			remoteInfo = ybotios;
		};
/* End PBXContainerItemProxy section */

/* Begin PBXFileReference section */
		4AE54FAC1A162EF500DA905F /* ybotios.app */ = {isa = PBXFileReference; explicitFileType = wrapper.application; includeInIndex = 0; path = ybotios.app; sourceTree = BUILT_PRODUCTS_DIR; };
		4AE54FB01A162EF500DA905F /* Info.plist */ = {isa = PBXFileReference; lastKnownFileType = text.plist.xml; path = Info.plist; sourceTree = "<group>"; };
		4AE54FB11A162EF500DA905F /* AppDelegate.swift */ = {isa = PBXFileReference; lastKnownFileType = sourcecode.swift; path = AppDelegate.swift; sourceTree = "<group>"; };
		4AE54FB31A162EF500DA905F /* FirstViewController.swift */ = {isa = PBXFileReference; lastKnownFileType = sourcecode.swift; path = FirstViewController.swift; sourceTree = "<group>"; };
		4AE54FB51A162EF500DA905F /* SecondViewController.swift */ = {isa = PBXFileReference; lastKnownFileType = sourcecode.swift; path = SecondViewController.swift; sourceTree = "<group>"; };
		4AE54FB81A162EF500DA905F /* Base */ = {isa = PBXFileReference; lastKnownFileType = file.storyboard; name = Base; path = Base.lproj/Main.storyboard; sourceTree = "<group>"; };
		4AE54FBA1A162EF500DA905F /* Images.xcassets */ = {isa = PBXFileReference; lastKnownFileType = folder.assetcatalog; path = Images.xcassets; sourceTree = "<group>"; };
		4AE54FBD1A162EF500DA905F /* Base */ = {isa = PBXFileReference; lastKnownFileType = file.xib; name = Base; path = Base.lproj/LaunchScreen.xib; sourceTree = "<group>"; };
		4AE54FC31A162EF500DA905F /* ybotiosTests.xctest */ = {isa = PBXFileReference; explicitFileType = wrapper.cfbundle; includeInIndex = 0; path = ybotiosTests.xctest; sourceTree = BUILT_PRODUCTS_DIR; };
		4AE54FC81A162EF500DA905F /* Info.plist */ = {isa = PBXFileReference; lastKnownFileType = text.plist.xml; path = Info.plist; sourceTree = "<group>"; };
		4AE54FC91A162EF500DA905F /* ybotiosTests.swift */ = {isa = PBXFileReference; lastKnownFileType = sourcecode.swift; path = ybotiosTests.swift; sourceTree = "<group>"; };
		4AE54FD31A162F1A00DA905F /* ybot.playground */ = {isa = PBXFileReference; lastKnownFileType = file.playground; path = ybot.playground; sourceTree = "<group>"; };
/* End PBXFileReference section */

/* Begin PBXFrameworksBuildPhase section */
		4AE54FA91A162EF500DA905F /* Frameworks */ = {
			isa = PBXFrameworksBuildPhase;
			buildActionMask = 2147483647;
			files = (
			);
			runOnlyForDeploymentPostprocessing = 0;
		};
		4AE54FC01A162EF500DA905F /* Frameworks */ = {
			isa = PBXFrameworksBuildPhase;
			buildActionMask = 2147483647;
			files = (
			);
			runOnlyForDeploymentPostprocessing = 0;
		};
/* End PBXFrameworksBuildPhase section */

/* Begin PBXGroup section */
		4AE54FA31A162EF500DA905F = {
			isa = PBXGroup;
			children = (
				4AE54FD31A162F1A00DA905F /* ybot.playground */,
				4AE54FAE1A162EF500DA905F /* ybotios */,
				4AE54FC61A162EF500DA905F /* ybotiosTests */,
				4AE54FAD1A162EF500DA905F /* Products */,
			);
			sourceTree = "<group>";
		};
		4AE54FAD1A162EF500DA905F /* Products */ = {
			isa = PBXGroup;
			children = (
				4AE54FAC1A162EF500DA905F /* ybotios.app */,
				4AE54FC31A162EF500DA905F /* ybotiosTests.xctest */,
			);
			name = Products;
			sourceTree = "<group>";
		};
		4AE54FAE1A162EF500DA905F /* ybotios */ = {
			isa = PBXGroup;
			children = (
				4AE54FB11A162EF500DA905F /* AppDelegate.swift */,
				4AE54FB31A162EF500DA905F /* FirstViewController.swift */,
				4AE54FB51A162EF500DA905F /* SecondViewController.swift */,
				4AE54FB71A162EF500DA905F /* Main.storyboard */,
				4AE54FBA1A162EF500DA905F /* Images.xcassets */,
				4AE54FBC1A162EF500DA905F /* LaunchScreen.xib */,
				4AE54FAF1A162EF500DA905F /* Supporting Files */,
			);
			path = ybotios;
			sourceTree = "<group>";
		};
		4AE54FAF1A162EF500DA905F /* Supporting Files */ = {
			isa = PBXGroup;
			children = (
				4AE54FB01A162EF500DA905F /* Info.plist */,
			);
			name = "Supporting Files";
			sourceTree = "<group>";
		};
		4AE54FC61A162EF500DA905F /* ybotiosTests */ = {
			isa = PBXGroup;
			children = (
				4AE54FC91A162EF500DA905F /* ybotiosTests.swift */,
				4AE54FC71A162EF500DA905F /* Supporting Files */,
			);
			path = ybotiosTests;
			sourceTree = "<group>";
		};
		4AE54FC71A162EF500DA905F /* Supporting Files */ = {
			isa = PBXGroup;
			children = (
				4AE54FC81A162EF500DA905F /* Info.plist */,
			);
			name = "Supporting Files";
			sourceTree = "<group>";
		};
/* End PBXGroup section */

/* Begin PBXNativeTarget section */
		4AE54FAB1A162EF500DA905F /* ybotios */ = {
			isa = PBXNativeTarget;
			buildConfigurationList = 4AE54FCD1A162EF500DA905F /* Build configuration list for PBXNativeTarget "ybotios" */;
			buildPhases = (
				4AE54FA81A162EF500DA905F /* Sources */,
				4AE54FA91A162EF500DA905F /* Frameworks */,
				4AE54FAA1A162EF500DA905F /* Resources */,
			);
			buildRules = (
			);
			dependencies = (
			);
			name = ybotios;
			productName = ybotios;
			productReference = 4AE54FAC1A162EF500DA905F /* ybotios.app */;
			productType = "com.apple.product-type.application";
		};
		4AE54FC21A162EF500DA905F /* ybotiosTests */ = {
			isa = PBXNativeTarget;
			buildConfigurationList = 4AE54FD01A162EF500DA905F /* Build configuration list for PBXNativeTarget "ybotiosTests" */;
			buildPhases = (
				4AE54FBF1A162EF500DA905F /* Sources */,
				4AE54FC01A162EF500DA905F /* Frameworks */,
				4AE54FC11A162EF500DA905F /* Resources */,
			);
			buildRules = (
			);
			dependencies = (
				4AE54FC51A162EF500DA905F /* PBXTargetDependency */,
			);
			name = ybotiosTests;
			productName = ybotiosTests;
			productReference = 4AE54FC31A162EF500DA905F /* ybotiosTests.xctest */;
			productType = "com.apple.product-type.bundle.unit-test";
		};
/* End PBXNativeTarget section */

/* Begin PBXProject section */
		4AE54FA41A162EF500DA905F /* Project object */ = {
			isa = PBXProject;
			attributes = {
				LastUpgradeCheck = 0610;
				ORGANIZATIONNAME = ybot;
				TargetAttributes = {
					4AE54FAB1A162EF500DA905F = {
						CreatedOnToolsVersion = 6.1;
					};
					4AE54FC21A162EF500DA905F = {
						CreatedOnToolsVersion = 6.1;
						TestTargetID = 4AE54FAB1A162EF500DA905F;
					};
				};
			};
			buildConfigurationList = 4AE54FA71A162EF500DA905F /* Build configuration list for PBXProject "ybotios" */;
			compatibilityVersion = "Xcode 3.2";
			developmentRegion = English;
			hasScannedForEncodings = 0;
			knownRegions = (
				en,
				Base,
			);
			mainGroup = 4AE54FA31A162EF500DA905F;
			productRefGroup = 4AE54FAD1A162EF500DA905F /* Products */;
			projectDirPath = "";
			projectRoot = "";
			targets = (
				4AE54FAB1A162EF500DA905F /* ybotios */,
				4AE54FC21A162EF500DA905F /* ybotiosTests */,
			);
		};
/* End PBXProject section */

/* Begin PBXResourcesBuildPhase section */
		4AE54FAA1A162EF500DA905F /* Resources */ = {
			isa = PBXResourcesBuildPhase;
			buildActionMask = 2147483647;
			files = (
				4AE54FB91A162EF500DA905F /* Main.storyboard in Resources */,
				4AE54FBE1A162EF500DA905F /* LaunchScreen.xib in Resources */,
				4AE54FBB1A162EF500DA905F /* Images.xcassets in Resources */,
			);
			runOnlyForDeploymentPostprocessing = 0;
		};
		4AE54FC11A162EF500DA905F /* Resources */ = {
			isa = PBXResourcesBuildPhase;
			buildActionMask = 2147483647;
			files = (
			);
			runOnlyForDeploymentPostprocessing = 0;
		};
/* End PBXResourcesBuildPhase section */

/* Begin PBXSourcesBuildPhase section */
		4AE54FA81A162EF500DA905F /* Sources */ = {
			isa = PBXSourcesBuildPhase;
			buildActionMask = 2147483647;
			files = (
				4AE54FB61A162EF500DA905F /* SecondViewController.swift in Sources */,
				4AE54FB21A162EF500DA905F /* AppDelegate.swift in Sources */,
				4AE54FB41A162EF500DA905F /* FirstViewController.swift in Sources */,
			);
			runOnlyForDeploymentPostprocessing = 0;
		};
		4AE54FBF1A162EF500DA905F /* Sources */ = {
			isa = PBXSourcesBuildPhase;
			buildActionMask = 2147483647;
			files = (
				4AE54FCA1A162EF500DA905F /* ybotiosTests.swift in Sources */,
			);
			runOnlyForDeploymentPostprocessing = 0;
		};
/* End PBXSourcesBuildPhase section */

/* Begin PBXTargetDependency section */
		4AE54FC51A162EF500DA905F /* PBXTargetDependency */ = {
			isa = PBXTargetDependency;
			target = 4AE54FAB1A162EF500DA905F /* ybotios */;
			targetProxy = 4AE54FC41A162EF500DA905F /* PBXContainerItemProxy */;
		};
/* End PBXTargetDependency section */

/* Begin PBXVariantGroup section */
		4AE54FB71A162EF500DA905F /* Main.storyboard */ = {
			isa = PBXVariantGroup;
			children = (
				4AE54FB81A162EF500DA905F /* Base */,
			);
			name = Main.storyboard;
			sourceTree = "<group>";
		};
		4AE54FBC1A162EF500DA905F /* LaunchScreen.xib */ = {
			isa = PBXVariantGroup;
			children = (
				4AE54FBD1A162EF500DA905F /* Base */,
			);
			name = LaunchScreen.xib;
			sourceTree = "<group>";
		};
/* End PBXVariantGroup section */

/* Begin XCBuildConfiguration section */
		4AE54FCB1A162EF500DA905F /* Debug */ = {
			isa = XCBuildConfiguration;
			buildSettings = {
				ALWAYS_SEARCH_USER_PATHS = NO;
				CLANG_CXX_LANGUAGE_STANDARD = "gnu++0x";
				CLANG_CXX_LIBRARY = "libc++";
				CLANG_ENABLE_MODULES = YES;
				CLANG_ENABLE_OBJC_ARC = YES;
				CLANG_WARN_BOOL_CONVERSION = YES;
				CLANG_WARN_CONSTANT_CONVERSION = YES;
				CLANG_WARN_DIRECT_OBJC_ISA_USAGE = YES_ERROR;
				CLANG_WARN_EMPTY_BODY = YES;
				CLANG_WARN_ENUM_CONVERSION = YES;
				CLANG_WARN_INT_CONVERSION = YES;
				CLANG_WARN_OBJC_ROOT_CLASS = YES_ERROR;
				CLANG_WARN_UNREACHABLE_CODE = YES;
				CLANG_WARN__DUPLICATE_METHOD_MATCH = YES;
				"CODE_SIGN_IDENTITY[sdk=iphoneos*]" = "iPhone Developer";
				COPY_PHASE_STRIP = NO;
				ENABLE_STRICT_OBJC_MSGSEND = YES;
				GCC_C_LANGUAGE_STANDARD = gnu99;
				GCC_DYNAMIC_NO_PIC = NO;
				GCC_OPTIMIZATION_LEVEL = 0;
				GCC_PREPROCESSOR_DEFINITIONS = (
					"DEBUG=1",
					"$(inherited)",
				);
				GCC_SYMBOLS_PRIVATE_EXTERN = NO;
				GCC_WARN_64_TO_32_BIT_CONVERSION = YES;
				GCC_WARN_ABOUT_RETURN_TYPE = YES_ERROR;
				GCC_WARN_UNDECLARED_SELECTOR = YES;
				GCC_WARN_UNINITIALIZED_AUTOS = YES_AGGRESSIVE;
				GCC_WARN_UNUSED_FUNCTION = YES;
				GCC_WARN_UNUSED_VARIABLE = YES;
				IPHONEOS_DEPLOYMENT_TARGET = 8.1;
				MTL_ENABLE_DEBUG_INFO = YES;
				ONLY_ACTIVE_ARCH = YES;
				SDKROOT = iphoneos;
				SWIFT_OPTIMIZATION_LEVEL = "-Onone";
				TARGETED_DEVICE_FAMILY = "1,2";
			};
			name = Debug;
		};
		4AE54FCC1A162EF500DA905F /* Release */ = {
			isa = XCBuildConfiguration;
			buildSettings = {
				ALWAYS_SEARCH_USER_PATHS = NO;
				CLANG_CXX_LANGUAGE_STANDARD = "gnu++0x";
				CLANG_CXX_LIBRARY = "libc++";
				CLANG_ENABLE_MODULES = YES;
				CLANG_ENABLE_OBJC_ARC = YES;
				CLANG_WARN_BOOL_CONVERSION = YES;
				CLANG_WARN_CONSTANT_CONVERSION = YES;
				CLANG_WARN_DIRECT_OBJC_ISA_USAGE = YES_ERROR;
				CLANG_WARN_EMPTY_BODY = YES;
				CLANG_WARN_ENUM_CONVERSION = YES;
				CLANG_WARN_INT_CONVERSION = YES;
				CLANG_WARN_OBJC_ROOT_CLASS = YES_ERROR;
				CLANG_WARN_UNREACHABLE_CODE = YES;
				CLANG_WARN__DUPLICATE_METHOD_MATCH = YES;
				"CODE_SIGN_IDENTITY[sdk=iphoneos*]" = "iPhone Developer";
				COPY_PHASE_STRIP = YES;
				ENABLE_NS_ASSERTIONS = NO;
				ENABLE_STRICT_OBJC_MSGSEND = YES;
				GCC_C_LANGUAGE_STANDARD = gnu99;
				GCC_WARN_64_TO_32_BIT_CONVERSION = YES;
				GCC_WARN_ABOUT_RETURN_TYPE = YES_ERROR;
				GCC_WARN_UNDECLARED_SELECTOR = YES;
				GCC_WARN_UNINITIALIZED_AUTOS = YES_AGGRESSIVE;
				GCC_WARN_UNUSED_FUNCTION = YES;
				GCC_WARN_UNUSED_VARIABLE = YES;
				IPHONEOS_DEPLOYMENT_TARGET = 8.1;
				MTL_ENABLE_DEBUG_INFO = NO;
				SDKROOT = iphoneos;
				TARGETED_DEVICE_FAMILY = "1,2";
				VALIDATE_PRODUCT = YES;
			};
			name = Release;
		};
		4AE54FCE1A162EF500DA905F /* Debug */ = {
			isa = XCBuildConfiguration;
			buildSettings = {
				ASSETCATALOG_COMPILER_APPICON_NAME = AppIcon;
				INFOPLIST_FILE = ybotios/Info.plist;
				LD_RUNPATH_SEARCH_PATHS = "$(inherited) @executable_path/Frameworks";
				PRODUCT_NAME = "$(TARGET_NAME)";
			};
			name = Debug;
		};
		4AE54FCF1A162EF500DA905F /* Release */ = {
			isa = XCBuildConfiguration;
			buildSettings = {
				ASSETCATALOG_COMPILER_APPICON_NAME = AppIcon;
				INFOPLIST_FILE = ybotios/Info.plist;
				LD_RUNPATH_SEARCH_PATHS = "$(inherited) @executable_path/Frameworks";
				PRODUCT_NAME = "$(TARGET_NAME)";
			};
			name = Release;
		};
		4AE54FD11A162EF500DA905F /* Debug */ = {
			isa = XCBuildConfiguration;
			buildSettings = {
				BUNDLE_LOADER = "$(TEST_HOST)";
				FRAMEWORK_SEARCH_PATHS = (
					"$(SDKROOT)/Developer/Library/Frameworks",
					"$(inherited)",
				);
				GCC_PREPROCESSOR_DEFINITIONS = (
					"DEBUG=1",
					"$(inherited)",
				);
				INFOPLIST_FILE = ybotiosTests/Info.plist;
				LD_RUNPATH_SEARCH_PATHS = "$(inherited) @executable_path/Frameworks @loader_path/Frameworks";
				PRODUCT_NAME = "$(TARGET_NAME)";
				TEST_HOST = "$(BUILT_PRODUCTS_DIR)/ybotios.app/ybotios";
			};
			name = Debug;
		};
		4AE54FD21A162EF500DA905F /* Release */ = {
			isa = XCBuildConfiguration;
			buildSettings = {
				BUNDLE_LOADER = "$(TEST_HOST)";
				FRAMEWORK_SEARCH_PATHS = (
					"$(SDKROOT)/Developer/Library/Frameworks",
					"$(inherited)",
				);
				INFOPLIST_FILE = ybotiosTests/Info.plist;
				LD_RUNPATH_SEARCH_PATHS = "$(inherited) @executable_path/Frameworks @loader_path/Frameworks";
				PRODUCT_NAME = "$(TARGET_NAME)";
				TEST_HOST = "$(BUILT_PRODUCTS_DIR)/ybotios.app/ybotios";
			};
			name = Release;
		};
/* End XCBuildConfiguration section */

/* Begin XCConfigurationList section */
		4AE54FA71A162EF500DA905F /* Build configuration list for PBXProject "ybotios" */ = {
			isa = XCConfigurationList;
			buildConfigurations = (
				4AE54FCB1A162EF500DA905F /* Debug */,
				4AE54FCC1A162EF500DA905F /* Release */,
			);
			defaultConfigurationIsVisible = 0;
			defaultConfigurationName = Release;
		};
		4AE54FCD1A162EF500DA905F /* Build configuration list for PBXNativeTarget "ybotios" */ = {
			isa = XCConfigurationList;
			buildConfigurations = (
				4AE54FCE1A162EF500DA905F /* Debug */,
				4AE54FCF1A162EF500DA905F /* Release */,
			);
			defaultConfigurationIsVisible = 0;
		};
		4AE54FD01A162EF500DA905F /* Build configuration list for PBXNativeTarget "ybotiosTests" */ = {
			isa = XCConfigurationList;
			buildConfigurations = (
				4AE54FD11A162EF500DA905F /* Debug */,
				4AE54FD21A162EF500DA905F /* Release */,
			);
			defaultConfigurationIsVisible = 0;
		};
/* End XCConfigurationList section */
	};
	rootObject = 4AE54FA41A162EF500DA905F /* Project object */;
}
